
Microsoft Visual Studio Solution File, Format Version 12.00
# Visual Studio Version 17
VisualStudioVersion = 17.3.32922.545
MinimumVisualStudioVersion = 10.0.40219.1
Project("{FAE04EC0-301F-11D3-BF4B-00C04F79EFBC}") = "Info_Info", "Info_Info\Info_Info.csproj", "{DEBA1F10-5C45-436D-937A-1265F746511E}"
EndProject
Global
	GlobalSection(SolutionConfigurationPlatforms) = preSolution
		Debug|Any CPU = Debug|Any CPU
		Release|Any CPU = Release|Any CPU
	EndGlobalSection
	GlobalSection(ProjectConfigurationPlatforms) = postSolution
		{DEBA1F10-5C45-436D-937A-1265F746511E}.Debug|Any CPU.ActiveCfg = Debug|Any CPU
		{DEBA1F10-5C45-436D-937A-1265F746511E}.Debug|Any CPU.Build.0 = Debug|Any CPU
		{DEBA1F10-5C45-436D-937A-1265F746511E}.Release|Any CPU.ActiveCfg = Release|Any CPU
		{DEBA1F10-5C45-436D-937A-1265F746511E}.Release|Any CPU.Build.0 = Release|Any CPU
	EndGlobalSection
	GlobalSection(SolutionProperties) = preSolution
		HideSolutionNode = FALSE
	EndGlobalSection
	GlobalSection(ExtensibilityGlobals) = postSolution
		SolutionGuid = {DBAC82AD-CE9D-481C-A1F4-AA46DE29F22F}
	EndGlobalSection
EndGlobal
